
Microsoft Visual Studio Solution File, Format Version 12.00
# Visual Studio Version 16
VisualStudioVersion = 16.0.32126.315
MinimumVisualStudioVersion = 10.0.40219.1
Project("{FAE04EC0-301F-11D3-BF4B-00C04F79EFBC}") = "WebApplication1", "WebApplication1\WebApplication1.csproj", "{BF377975-5FCA-42ED-866A-0F27F658658C}"
EndProject
Global
	GlobalSection(SolutionConfigurationPlatforms) = preSolution
		Debug|Any CPU = Debug|Any CPU
		Release|Any CPU = Release|Any CPU
	EndGlobalSection
	GlobalSection(ProjectConfigurationPlatforms) = postSolution
		{BF377975-5FCA-42ED-866A-0F27F658658C}.Debug|Any CPU.ActiveCfg = Debug|Any CPU
		{BF377975-5FCA-42ED-866A-0F27F658658C}.Debug|Any CPU.Build.0 = Debug|Any CPU
		{BF377975-5FCA-42ED-866A-0F27F658658C}.Release|Any CPU.ActiveCfg = Release|Any CPU
		{BF377975-5FCA-42ED-866A-0F27F658658C}.Release|Any CPU.Build.0 = Release|Any CPU
	EndGlobalSection
	GlobalSection(SolutionProperties) = preSolution
		HideSolutionNode = FALSE
	EndGlobalSection
	GlobalSection(ExtensibilityGlobals) = postSolution
		SolutionGuid = {B0F0D71F-D69A-4D7D-B97D-B2BFB4C50241}
	EndGlobalSection
EndGlobal
